
Microsoft Visual Studio Solution File, Format Version 12.00
# Visual Studio Version 17
VisualStudioVersion = 17.8.34330.188
MinimumVisualStudioVersion = 10.0.40219.1
Project("{2150E333-8FDC-42A3-9474-1A3956D46DE8}") = "Services", "Services", "{AF64146E-C173-4A9B-9CD4-4855EAA01924}"
EndProject
Project("{2150E333-8FDC-42A3-9474-1A3956D46DE8}") = "eCommerce.Product", "eCommerce.Product", "{D21501D3-EE24-4137-A337-BE368E0A7491}"
EndProject
Project("{2150E333-8FDC-42A3-9474-1A3956D46DE8}") = "eCommerce.Inventory", "eCommerce.Inventory", "{E66B9910-7228-4C00-A3EF-741A98F8D139}"
EndProject
Project("{2150E333-8FDC-42A3-9474-1A3956D46DE8}") = "eCommerce.Cart", "eCommerce.Cart", "{5EB79878-62EE-4E0A-9D6E-99A9E37F2300}"
EndProject
Project("{2150E333-8FDC-42A3-9474-1A3956D46DE8}") = "eCommerce.Order", "eCommerce.Order", "{7A215214-B62A-42F3-A44B-B41AC9600C8E}"
EndProject
Project("{2150E333-8FDC-42A3-9474-1A3956D46DE8}") = "eCommerce.User", "eCommerce.User", "{C3E0F91C-DD63-48E7-BB3A-8CDB12F10297}"
EndProject
Project("{9A19103F-16F7-4668-BE54-9A1E7A4F7556}") = "eCommerce.Cart.API", "eCommerce.Cart.API\eCommerce.Cart.API.csproj", "{D65C8C6C-EE7A-4EAE-B8DD-D32651D1D31A}"
EndProject
Project("{9A19103F-16F7-4668-BE54-9A1E7A4F7556}") = "eCommerce.Order.API", "eCommerce.CheckOut.API\eCommerce.Order.API.csproj", "{7B14C125-D612-494D-9C99-D9C844C6F7E6}"
EndProject
Project("{9A19103F-16F7-4668-BE54-9A1E7A4F7556}") = "eCommerce.Inventory.API", "eCommerce.Inventory.API\eCommerce.Inventory.API.csproj", "{188EA0AD-433A-45D3-AE6D-D74F331CC825}"
EndProject
Project("{9A19103F-16F7-4668-BE54-9A1E7A4F7556}") = "eCommerce.Product.API", "eCommerce.Prod.API\eCommerce.Product.API.csproj", "{EE48C291-1710-431F-99BF-C69DEA87FCC4}"
EndProject
Project("{9A19103F-16F7-4668-BE54-9A1E7A4F7556}") = "eCommerce.User.API", "eCommerce.User.API\eCommerce.User.API.csproj", "{8C1FEE4F-144C-4C12-9FF1-41A88F9FC196}"
EndProject
Project("{2150E333-8FDC-42A3-9474-1A3956D46DE8}") = "Common", "Common", "{FC4E56D9-C870-41D9-8A32-8DD12AA64941}"
EndProject
Project("{2150E333-8FDC-42A3-9474-1A3956D46DE8}") = "Logging", "Logging", "{AC78DC26-64FD-4C7B-96DA-78A6DD0EE9C7}"
EndProject
Project("{2150E333-8FDC-42A3-9474-1A3956D46DE8}") = "ExceptionHandling", "ExceptionHandling", "{B7A7FBAA-70AB-47FF-BD66-E7BB0F14778B}"
EndProject
Project("{9A19103F-16F7-4668-BE54-9A1E7A4F7556}") = "eCommerce.ExceptionHandling", "eCommerce.ExceptionHandling\eCommerce.ExceptionHandling.csproj", "{B3FE7760-9795-4408-9306-8414B596352E}"
EndProject
Project("{9A19103F-16F7-4668-BE54-9A1E7A4F7556}") = "eCommerce.Logging", "eCommerce.Logging\eCommerce.Logging.csproj", "{A2D58075-1F8E-4686-81D8-D4758E0E46DC}"
EndProject
Project("{2150E333-8FDC-42A3-9474-1A3956D46DE8}") = "User.API", "User.API", "{DC2F32D9-45F8-4D3B-B5C6-8B8E7D9CAB17}"
EndProject
Project("{2150E333-8FDC-42A3-9474-1A3956D46DE8}") = "User.Application", "User.Application", "{827CB746-9530-48E9-A33D-E2B7820D44B7}"
EndProject
Project("{2150E333-8FDC-42A3-9474-1A3956D46DE8}") = "User.Domain", "User.Domain", "{DC186390-8BC5-4B38-B257-6DE7518B43AF}"
EndProject
Project("{2150E333-8FDC-42A3-9474-1A3956D46DE8}") = "User.Infra", "User.Infra", "{3FEE3671-33F1-479E-9AAD-E40F9399FD38}"
EndProject
Project("{2150E333-8FDC-42A3-9474-1A3956D46DE8}") = "Product.API", "Product.API", "{20ECDDA8-FFA7-4BB7-8294-546F9F9E5F06}"
EndProject
Project("{2150E333-8FDC-42A3-9474-1A3956D46DE8}") = "Product.Application", "Product.Application", "{0D39CF91-A83F-4A6B-8308-C9E329E7F852}"
EndProject
Project("{2150E333-8FDC-42A3-9474-1A3956D46DE8}") = "Product.Domain", "Product.Domain", "{E76B7434-5E0B-476D-BB29-FC67CC915E2F}"
EndProject
Project("{2150E333-8FDC-42A3-9474-1A3956D46DE8}") = "Product.Infra", "Product.Infra", "{3FCEA714-1B91-4E8F-BF10-D46970EDD658}"
EndProject
Project("{2150E333-8FDC-42A3-9474-1A3956D46DE8}") = "Inventory.API", "Inventory.API", "{62FBDFE3-5E58-43E4-9F5D-7FBD20117381}"
EndProject
Project("{2150E333-8FDC-42A3-9474-1A3956D46DE8}") = "Inventory.Application", "Inventory.Application", "{B68FAF57-B3B0-46C9-9A53-80D312FA15F0}"
EndProject
Project("{2150E333-8FDC-42A3-9474-1A3956D46DE8}") = "Inventory.Domain", "Inventory.Domain", "{7CD0EDEC-D4CA-4122-BFC2-C07D5B49D985}"
EndProject
Project("{2150E333-8FDC-42A3-9474-1A3956D46DE8}") = "Inventory.Infra", "Inventory.Infra", "{77719B66-A280-4570-8A36-DE18FE07A3E6}"
EndProject
Project("{2150E333-8FDC-42A3-9474-1A3956D46DE8}") = "Order.API", "Order.API", "{97C19108-9407-4739-86C3-34A121D32865}"
EndProject
Project("{2150E333-8FDC-42A3-9474-1A3956D46DE8}") = "Order.Application", "Order.Application", "{B7BF9D9A-D915-4613-9D90-DA77E145AE45}"
EndProject
Project("{2150E333-8FDC-42A3-9474-1A3956D46DE8}") = "Order.Domain", "Order.Domain", "{61C8BAFA-661A-47F2-8AD5-4B272BF9FA41}"
EndProject
Project("{2150E333-8FDC-42A3-9474-1A3956D46DE8}") = "Order.Infra", "Order.Infra", "{C7B92416-7DC8-4568-A64F-846ED6B03F48}"
EndProject
Project("{2150E333-8FDC-42A3-9474-1A3956D46DE8}") = "Cart.API", "Cart.API", "{74A10E9B-24E4-44C9-A4D7-34C07283C3D5}"
EndProject
Project("{2150E333-8FDC-42A3-9474-1A3956D46DE8}") = "Cart.Application", "Cart.Application", "{057944EC-28DA-485C-9CE5-D00C6BEBE93A}"
EndProject
Project("{2150E333-8FDC-42A3-9474-1A3956D46DE8}") = "Cart.Domain", "Cart.Domain", "{4B9BC824-14F7-4EAE-9631-4CDBA49D1E70}"
EndProject
Project("{2150E333-8FDC-42A3-9474-1A3956D46DE8}") = "Cart.Infra", "Cart.Infra", "{11A71EF5-0B6A-48FD-95E5-88B376696EA0}"
EndProject
Project("{2150E333-8FDC-42A3-9474-1A3956D46DE8}") = "eCommerce.Login", "eCommerce.Login", "{1EE1F17B-2B18-4E3D-B21E-24431E1E306A}"
EndProject
Project("{2150E333-8FDC-42A3-9474-1A3956D46DE8}") = "Login.API", "Login.API", "{56282EE2-8D84-4FE1-B7B4-B686AAE5ADD5}"
EndProject
Project("{2150E333-8FDC-42A3-9474-1A3956D46DE8}") = "Login.Application", "Login.Application", "{AFD0FB0A-AFD1-435A-87BB-7A9D0B3EB255}"
EndProject
Project("{2150E333-8FDC-42A3-9474-1A3956D46DE8}") = "Login.Domain", "Login.Domain", "{17F87E16-FFC5-4D8B-8B6E-275E577B62D9}"
EndProject
Project("{2150E333-8FDC-42A3-9474-1A3956D46DE8}") = "eCommerce.Admin", "eCommerce.Admin", "{3B8BF6F0-2937-4396-951D-96B750946E9C}"
EndProject
Project("{2150E333-8FDC-42A3-9474-1A3956D46DE8}") = "Admin.API", "Admin.API", "{FE7414FE-D46C-4B77-A0A5-D2A75F3495A5}"
EndProject
Project("{FAE04EC0-301F-11D3-BF4B-00C04F79EFBC}") = "eCommerce.Admin.API", "eCommerce.Admin.API\eCommerce.Admin.API.csproj", "{D175188C-6E8E-49FE-BAAC-57DF01E89C2F}"
EndProject
Project("{2150E333-8FDC-42A3-9474-1A3956D46DE8}") = "Admin.Application", "Admin.Application", "{5F2BEC1D-38FA-433C-9D3C-FBEFDE160240}"
EndProject
Project("{2150E333-8FDC-42A3-9474-1A3956D46DE8}") = "Admin.Domain", "Admin.Domain", "{2573C0B7-E70A-43E9-8977-69B05A27F732}"
EndProject
Project("{2150E333-8FDC-42A3-9474-1A3956D46DE8}") = "Admin.Infra", "Admin.Infra", "{46F67C35-4765-496B-B604-5A87F8D5CBA6}"
EndProject
Project("{2150E333-8FDC-42A3-9474-1A3956D46DE8}") = "Login.Infra", "Login.Infra", "{E456FDA0-B250-4136-87DD-DBDBEED78A29}"
EndProject
Project("{FAE04EC0-301F-11D3-BF4B-00C04F79EFBC}") = "eCommerce.Login.API", "eCommerce.Login.API\eCommerce.Login.API.csproj", "{405D0CE3-478F-4991-B9A2-549DA30EC4AC}"
EndProject
Global
	GlobalSection(SolutionConfigurationPlatforms) = preSolution
		Debug|Any CPU = Debug|Any CPU
		Release|Any CPU = Release|Any CPU
	EndGlobalSection
	GlobalSection(ProjectConfigurationPlatforms) = postSolution
		{D65C8C6C-EE7A-4EAE-B8DD-D32651D1D31A}.Debug|Any CPU.ActiveCfg = Debug|Any CPU
		{D65C8C6C-EE7A-4EAE-B8DD-D32651D1D31A}.Debug|Any CPU.Build.0 = Debug|Any CPU
		{D65C8C6C-EE7A-4EAE-B8DD-D32651D1D31A}.Release|Any CPU.ActiveCfg = Release|Any CPU
		{D65C8C6C-EE7A-4EAE-B8DD-D32651D1D31A}.Release|Any CPU.Build.0 = Release|Any CPU
		{7B14C125-D612-494D-9C99-D9C844C6F7E6}.Debug|Any CPU.ActiveCfg = Debug|Any CPU
		{7B14C125-D612-494D-9C99-D9C844C6F7E6}.Debug|Any CPU.Build.0 = Debug|Any CPU
		{7B14C125-D612-494D-9C99-D9C844C6F7E6}.Release|Any CPU.ActiveCfg = Release|Any CPU
		{7B14C125-D612-494D-9C99-D9C844C6F7E6}.Release|Any CPU.Build.0 = Release|Any CPU
		{188EA0AD-433A-45D3-AE6D-D74F331CC825}.Debug|Any CPU.ActiveCfg = Debug|Any CPU
		{188EA0AD-433A-45D3-AE6D-D74F331CC825}.Debug|Any CPU.Build.0 = Debug|Any CPU
		{188EA0AD-433A-45D3-AE6D-D74F331CC825}.Release|Any CPU.ActiveCfg = Release|Any CPU
		{188EA0AD-433A-45D3-AE6D-D74F331CC825}.Release|Any CPU.Build.0 = Release|Any CPU
		{EE48C291-1710-431F-99BF-C69DEA87FCC4}.Debug|Any CPU.ActiveCfg = Debug|Any CPU
		{EE48C291-1710-431F-99BF-C69DEA87FCC4}.Debug|Any CPU.Build.0 = Debug|Any CPU
		{EE48C291-1710-431F-99BF-C69DEA87FCC4}.Release|Any CPU.ActiveCfg = Release|Any CPU
		{EE48C291-1710-431F-99BF-C69DEA87FCC4}.Release|Any CPU.Build.0 = Release|Any CPU
		{8C1FEE4F-144C-4C12-9FF1-41A88F9FC196}.Debug|Any CPU.ActiveCfg = Debug|Any CPU
		{8C1FEE4F-144C-4C12-9FF1-41A88F9FC196}.Debug|Any CPU.Build.0 = Debug|Any CPU
		{8C1FEE4F-144C-4C12-9FF1-41A88F9FC196}.Release|Any CPU.ActiveCfg = Release|Any CPU
		{8C1FEE4F-144C-4C12-9FF1-41A88F9FC196}.Release|Any CPU.Build.0 = Release|Any CPU
		{B3FE7760-9795-4408-9306-8414B596352E}.Debug|Any CPU.ActiveCfg = Debug|Any CPU
		{B3FE7760-9795-4408-9306-8414B596352E}.Debug|Any CPU.Build.0 = Debug|Any CPU
		{B3FE7760-9795-4408-9306-8414B596352E}.Release|Any CPU.ActiveCfg = Release|Any CPU
		{B3FE7760-9795-4408-9306-8414B596352E}.Release|Any CPU.Build.0 = Release|Any CPU
		{A2D58075-1F8E-4686-81D8-D4758E0E46DC}.Debug|Any CPU.ActiveCfg = Debug|Any CPU
		{A2D58075-1F8E-4686-81D8-D4758E0E46DC}.Debug|Any CPU.Build.0 = Debug|Any CPU
		{A2D58075-1F8E-4686-81D8-D4758E0E46DC}.Release|Any CPU.ActiveCfg = Release|Any CPU
		{A2D58075-1F8E-4686-81D8-D4758E0E46DC}.Release|Any CPU.Build.0 = Release|Any CPU
		{D175188C-6E8E-49FE-BAAC-57DF01E89C2F}.Debug|Any CPU.ActiveCfg = Debug|Any CPU
		{D175188C-6E8E-49FE-BAAC-57DF01E89C2F}.Debug|Any CPU.Build.0 = Debug|Any CPU
		{D175188C-6E8E-49FE-BAAC-57DF01E89C2F}.Release|Any CPU.ActiveCfg = Release|Any CPU
		{D175188C-6E8E-49FE-BAAC-57DF01E89C2F}.Release|Any CPU.Build.0 = Release|Any CPU
		{405D0CE3-478F-4991-B9A2-549DA30EC4AC}.Debug|Any CPU.ActiveCfg = Debug|Any CPU
		{405D0CE3-478F-4991-B9A2-549DA30EC4AC}.Debug|Any CPU.Build.0 = Debug|Any CPU
		{405D0CE3-478F-4991-B9A2-549DA30EC4AC}.Release|Any CPU.ActiveCfg = Release|Any CPU
		{405D0CE3-478F-4991-B9A2-549DA30EC4AC}.Release|Any CPU.Build.0 = Release|Any CPU
	EndGlobalSection
	GlobalSection(SolutionProperties) = preSolution
		HideSolutionNode = FALSE
	EndGlobalSection
	GlobalSection(NestedProjects) = preSolution
		{D21501D3-EE24-4137-A337-BE368E0A7491} = {AF64146E-C173-4A9B-9CD4-4855EAA01924}
		{E66B9910-7228-4C00-A3EF-741A98F8D139} = {AF64146E-C173-4A9B-9CD4-4855EAA01924}
		{5EB79878-62EE-4E0A-9D6E-99A9E37F2300} = {AF64146E-C173-4A9B-9CD4-4855EAA01924}
		{7A215214-B62A-42F3-A44B-B41AC9600C8E} = {AF64146E-C173-4A9B-9CD4-4855EAA01924}
		{C3E0F91C-DD63-48E7-BB3A-8CDB12F10297} = {AF64146E-C173-4A9B-9CD4-4855EAA01924}
		{D65C8C6C-EE7A-4EAE-B8DD-D32651D1D31A} = {74A10E9B-24E4-44C9-A4D7-34C07283C3D5}
		{7B14C125-D612-494D-9C99-D9C844C6F7E6} = {97C19108-9407-4739-86C3-34A121D32865}
		{188EA0AD-433A-45D3-AE6D-D74F331CC825} = {62FBDFE3-5E58-43E4-9F5D-7FBD20117381}
		{EE48C291-1710-431F-99BF-C69DEA87FCC4} = {20ECDDA8-FFA7-4BB7-8294-546F9F9E5F06}
		{8C1FEE4F-144C-4C12-9FF1-41A88F9FC196} = {DC2F32D9-45F8-4D3B-B5C6-8B8E7D9CAB17}
		{AC78DC26-64FD-4C7B-96DA-78A6DD0EE9C7} = {FC4E56D9-C870-41D9-8A32-8DD12AA64941}
		{B7A7FBAA-70AB-47FF-BD66-E7BB0F14778B} = {FC4E56D9-C870-41D9-8A32-8DD12AA64941}
		{B3FE7760-9795-4408-9306-8414B596352E} = {B7A7FBAA-70AB-47FF-BD66-E7BB0F14778B}
		{A2D58075-1F8E-4686-81D8-D4758E0E46DC} = {AC78DC26-64FD-4C7B-96DA-78A6DD0EE9C7}
		{DC2F32D9-45F8-4D3B-B5C6-8B8E7D9CAB17} = {C3E0F91C-DD63-48E7-BB3A-8CDB12F10297}
		{827CB746-9530-48E9-A33D-E2B7820D44B7} = {C3E0F91C-DD63-48E7-BB3A-8CDB12F10297}
		{DC186390-8BC5-4B38-B257-6DE7518B43AF} = {C3E0F91C-DD63-48E7-BB3A-8CDB12F10297}
		{3FEE3671-33F1-479E-9AAD-E40F9399FD38} = {C3E0F91C-DD63-48E7-BB3A-8CDB12F10297}
		{20ECDDA8-FFA7-4BB7-8294-546F9F9E5F06} = {D21501D3-EE24-4137-A337-BE368E0A7491}
		{0D39CF91-A83F-4A6B-8308-C9E329E7F852} = {D21501D3-EE24-4137-A337-BE368E0A7491}
		{E76B7434-5E0B-476D-BB29-FC67CC915E2F} = {D21501D3-EE24-4137-A337-BE368E0A7491}
		{3FCEA714-1B91-4E8F-BF10-D46970EDD658} = {D21501D3-EE24-4137-A337-BE368E0A7491}
		{62FBDFE3-5E58-43E4-9F5D-7FBD20117381} = {E66B9910-7228-4C00-A3EF-741A98F8D139}
		{B68FAF57-B3B0-46C9-9A53-80D312FA15F0} = {E66B9910-7228-4C00-A3EF-741A98F8D139}
		{7CD0EDEC-D4CA-4122-BFC2-C07D5B49D985} = {E66B9910-7228-4C00-A3EF-741A98F8D139}
		{77719B66-A280-4570-8A36-DE18FE07A3E6} = {E66B9910-7228-4C00-A3EF-741A98F8D139}
		{97C19108-9407-4739-86C3-34A121D32865} = {7A215214-B62A-42F3-A44B-B41AC9600C8E}
		{B7BF9D9A-D915-4613-9D90-DA77E145AE45} = {7A215214-B62A-42F3-A44B-B41AC9600C8E}
		{61C8BAFA-661A-47F2-8AD5-4B272BF9FA41} = {7A215214-B62A-42F3-A44B-B41AC9600C8E}
		{C7B92416-7DC8-4568-A64F-846ED6B03F48} = {7A215214-B62A-42F3-A44B-B41AC9600C8E}
		{74A10E9B-24E4-44C9-A4D7-34C07283C3D5} = {5EB79878-62EE-4E0A-9D6E-99A9E37F2300}
		{057944EC-28DA-485C-9CE5-D00C6BEBE93A} = {5EB79878-62EE-4E0A-9D6E-99A9E37F2300}
		{4B9BC824-14F7-4EAE-9631-4CDBA49D1E70} = {5EB79878-62EE-4E0A-9D6E-99A9E37F2300}
		{11A71EF5-0B6A-48FD-95E5-88B376696EA0} = {5EB79878-62EE-4E0A-9D6E-99A9E37F2300}
		{1EE1F17B-2B18-4E3D-B21E-24431E1E306A} = {AF64146E-C173-4A9B-9CD4-4855EAA01924}
		{56282EE2-8D84-4FE1-B7B4-B686AAE5ADD5} = {1EE1F17B-2B18-4E3D-B21E-24431E1E306A}
		{AFD0FB0A-AFD1-435A-87BB-7A9D0B3EB255} = {1EE1F17B-2B18-4E3D-B21E-24431E1E306A}
		{17F87E16-FFC5-4D8B-8B6E-275E577B62D9} = {1EE1F17B-2B18-4E3D-B21E-24431E1E306A}
		{3B8BF6F0-2937-4396-951D-96B750946E9C} = {AF64146E-C173-4A9B-9CD4-4855EAA01924}
		{FE7414FE-D46C-4B77-A0A5-D2A75F3495A5} = {3B8BF6F0-2937-4396-951D-96B750946E9C}
		{D175188C-6E8E-49FE-BAAC-57DF01E89C2F} = {FE7414FE-D46C-4B77-A0A5-D2A75F3495A5}
		{5F2BEC1D-38FA-433C-9D3C-FBEFDE160240} = {3B8BF6F0-2937-4396-951D-96B750946E9C}
		{2573C0B7-E70A-43E9-8977-69B05A27F732} = {3B8BF6F0-2937-4396-951D-96B750946E9C}
		{46F67C35-4765-496B-B604-5A87F8D5CBA6} = {3B8BF6F0-2937-4396-951D-96B750946E9C}
		{E456FDA0-B250-4136-87DD-DBDBEED78A29} = {1EE1F17B-2B18-4E3D-B21E-24431E1E306A}
		{405D0CE3-478F-4991-B9A2-549DA30EC4AC} = {56282EE2-8D84-4FE1-B7B4-B686AAE5ADD5}
	EndGlobalSection
	GlobalSection(ExtensibilityGlobals) = postSolution
		SolutionGuid = {82915A3C-62AF-4F83-9043-1C8324398BF3}
	EndGlobalSection
EndGlobal
